
Microsoft Visual Studio Solution File, Format Version 12.00
# Visual Studio Version 17
VisualStudioVersion = 17.12.35707.178 d17.12
MinimumVisualStudioVersion = 10.0.40219.1
Project("{FAE04EC0-301F-11D3-BF4B-00C04F79EFBC}") = "API_Tours", "API_Tours.csproj", "{12EF48F0-E573-4FED-B269-98D6F6F99EBC}"
EndProject
Project("{FAE04EC0-301F-11D3-BF4B-00C04F79EFBC}") = "Client_Tours", "..\Client_Tours\Client_Tours.csproj", "{7BCACECC-B85D-4D0B-884E-8DEEC5482EB2}"
EndProject
Global
	GlobalSection(SolutionConfigurationPlatforms) = preSolution
		Debug|Any CPU = Debug|Any CPU
		Release|Any CPU = Release|Any CPU
	EndGlobalSection
	GlobalSection(ProjectConfigurationPlatforms) = postSolution
		{12EF48F0-E573-4FED-B269-98D6F6F99EBC}.Debug|Any CPU.ActiveCfg = Debug|Any CPU
		{12EF48F0-E573-4FED-B269-98D6F6F99EBC}.Debug|Any CPU.Build.0 = Debug|Any CPU
		{12EF48F0-E573-4FED-B269-98D6F6F99EBC}.Release|Any CPU.ActiveCfg = Release|Any CPU
		{12EF48F0-E573-4FED-B269-98D6F6F99EBC}.Release|Any CPU.Build.0 = Release|Any CPU
		{7BCACECC-B85D-4D0B-884E-8DEEC5482EB2}.Debug|Any CPU.ActiveCfg = Debug|Any CPU
		{7BCACECC-B85D-4D0B-884E-8DEEC5482EB2}.Debug|Any CPU.Build.0 = Debug|Any CPU
		{7BCACECC-B85D-4D0B-884E-8DEEC5482EB2}.Release|Any CPU.ActiveCfg = Release|Any CPU
		{7BCACECC-B85D-4D0B-884E-8DEEC5482EB2}.Release|Any CPU.Build.0 = Release|Any CPU
	EndGlobalSection
	GlobalSection(SolutionProperties) = preSolution
		HideSolutionNode = FALSE
	EndGlobalSection
EndGlobal
